
Microsoft Visual Studio Solution File, Format Version 12.00
# Visual Studio Version 17
VisualStudioVersion = 17.5.33530.505
MinimumVisualStudioVersion = 10.0.40219.1
Project("{FAE04EC0-301F-11D3-BF4B-00C04F79EFBC}") = "BookWeb", "BookWeb\BookWeb.csproj", "{517F02A7-4C6E-4F86-918F-DA294E73227F}"
EndProject
Project("{FAE04EC0-301F-11D3-BF4B-00C04F79EFBC}") = "BookWeb.DataAccess", "BookWeb.DataAccess\BookWeb.DataAccess.csproj", "{DCCBF0FE-C049-4B61-B1D3-25A60739873A}"
EndProject
Project("{FAE04EC0-301F-11D3-BF4B-00C04F79EFBC}") = "BookWep.Models", "BookWep.Models\BookWep.Models.csproj", "{D4FCD3C1-CA45-4D3A-B9B3-9A2B0F805D93}"
EndProject
Project("{FAE04EC0-301F-11D3-BF4B-00C04F79EFBC}") = "BookWeb.Utility", "BookWeb.Utility\BookWeb.Utility.csproj", "{6CD54B77-195B-427F-A11A-D14114C8E774}"
EndProject
Global
	GlobalSection(SolutionConfigurationPlatforms) = preSolution
		Debug|Any CPU = Debug|Any CPU
		Release|Any CPU = Release|Any CPU
	EndGlobalSection
	GlobalSection(ProjectConfigurationPlatforms) = postSolution
		{517F02A7-4C6E-4F86-918F-DA294E73227F}.Debug|Any CPU.ActiveCfg = Debug|Any CPU
		{517F02A7-4C6E-4F86-918F-DA294E73227F}.Debug|Any CPU.Build.0 = Debug|Any CPU
		{517F02A7-4C6E-4F86-918F-DA294E73227F}.Release|Any CPU.ActiveCfg = Release|Any CPU
		{517F02A7-4C6E-4F86-918F-DA294E73227F}.Release|Any CPU.Build.0 = Release|Any CPU
		{DCCBF0FE-C049-4B61-B1D3-25A60739873A}.Debug|Any CPU.ActiveCfg = Debug|Any CPU
		{DCCBF0FE-C049-4B61-B1D3-25A60739873A}.Debug|Any CPU.Build.0 = Debug|Any CPU
		{DCCBF0FE-C049-4B61-B1D3-25A60739873A}.Release|Any CPU.ActiveCfg = Release|Any CPU
		{DCCBF0FE-C049-4B61-B1D3-25A60739873A}.Release|Any CPU.Build.0 = Release|Any CPU
		{D4FCD3C1-CA45-4D3A-B9B3-9A2B0F805D93}.Debug|Any CPU.ActiveCfg = Debug|Any CPU
		{D4FCD3C1-CA45-4D3A-B9B3-9A2B0F805D93}.Debug|Any CPU.Build.0 = Debug|Any CPU
		{D4FCD3C1-CA45-4D3A-B9B3-9A2B0F805D93}.Release|Any CPU.ActiveCfg = Release|Any CPU
		{D4FCD3C1-CA45-4D3A-B9B3-9A2B0F805D93}.Release|Any CPU.Build.0 = Release|Any CPU
		{6CD54B77-195B-427F-A11A-D14114C8E774}.Debug|Any CPU.ActiveCfg = Debug|Any CPU
		{6CD54B77-195B-427F-A11A-D14114C8E774}.Debug|Any CPU.Build.0 = Debug|Any CPU
		{6CD54B77-195B-427F-A11A-D14114C8E774}.Release|Any CPU.ActiveCfg = Release|Any CPU
		{6CD54B77-195B-427F-A11A-D14114C8E774}.Release|Any CPU.Build.0 = Release|Any CPU
	EndGlobalSection
	GlobalSection(SolutionProperties) = preSolution
		HideSolutionNode = FALSE
	EndGlobalSection
	GlobalSection(ExtensibilityGlobals) = postSolution
		SolutionGuid = {6952078D-57BD-492E-ADCF-2CEF00EB503C}
	EndGlobalSection
EndGlobal
